
Microsoft Visual Studio Solution File, Format Version 12.00
# Visual Studio Version 17
VisualStudioVersion = 17.3.32714.290
MinimumVisualStudioVersion = 10.0.40219.1
Project("{FAE04EC0-301F-11D3-BF4B-00C04F79EFBC}") = "ObiektyDziedziczenie3", "ObiektyDziedziczenie3.csproj", "{59716B6C-22EF-4427-A538-B6A23918A165}"
EndProject
Global
	GlobalSection(SolutionConfigurationPlatforms) = preSolution
		Debug|Any CPU = Debug|Any CPU
		Release|Any CPU = Release|Any CPU
	EndGlobalSection
	GlobalSection(ProjectConfigurationPlatforms) = postSolution
		{59716B6C-22EF-4427-A538-B6A23918A165}.Debug|Any CPU.ActiveCfg = Debug|Any CPU
		{59716B6C-22EF-4427-A538-B6A23918A165}.Debug|Any CPU.Build.0 = Debug|Any CPU
		{59716B6C-22EF-4427-A538-B6A23918A165}.Release|Any CPU.ActiveCfg = Release|Any CPU
		{59716B6C-22EF-4427-A538-B6A23918A165}.Release|Any CPU.Build.0 = Release|Any CPU
	EndGlobalSection
	GlobalSection(SolutionProperties) = preSolution
		HideSolutionNode = FALSE
	EndGlobalSection
	GlobalSection(ExtensibilityGlobals) = postSolution
		SolutionGuid = {710A6FC0-0A19-4AC8-A3D9-0080F96CF01B}
	EndGlobalSection
EndGlobal
