
Microsoft Visual Studio Solution File, Format Version 12.00
# Visual Studio Version 17
VisualStudioVersion = 17.3.32714.290
MinimumVisualStudioVersion = 10.0.40219.1
Project("{FAE04EC0-301F-11D3-BF4B-00C04F79EFBC}") = "ObiektyTABLICE", "ObiektyTABLICE.csproj", "{04E7C97F-42C3-4D6C-9C97-492347DB1E2C}"
EndProject
Global
	GlobalSection(SolutionConfigurationPlatforms) = preSolution
		Debug|Any CPU = Debug|Any CPU
		Release|Any CPU = Release|Any CPU
	EndGlobalSection
	GlobalSection(ProjectConfigurationPlatforms) = postSolution
		{04E7C97F-42C3-4D6C-9C97-492347DB1E2C}.Debug|Any CPU.ActiveCfg = Debug|Any CPU
		{04E7C97F-42C3-4D6C-9C97-492347DB1E2C}.Debug|Any CPU.Build.0 = Debug|Any CPU
		{04E7C97F-42C3-4D6C-9C97-492347DB1E2C}.Release|Any CPU.ActiveCfg = Release|Any CPU
		{04E7C97F-42C3-4D6C-9C97-492347DB1E2C}.Release|Any CPU.Build.0 = Release|Any CPU
	EndGlobalSection
	GlobalSection(SolutionProperties) = preSolution
		HideSolutionNode = FALSE
	EndGlobalSection
	GlobalSection(ExtensibilityGlobals) = postSolution
		SolutionGuid = {CCD7C7DB-D935-4041-90BC-F8F7C03F909E}
	EndGlobalSection
EndGlobal
