
Microsoft Visual Studio Solution File, Format Version 12.00
# Visual Studio Version 17
VisualStudioVersion = 17.3.32714.290
MinimumVisualStudioVersion = 10.0.40219.1
Project("{FAE04EC0-301F-11D3-BF4B-00C04F79EFBC}") = "SZACHOWNICA2", "SZACHOWNICA2.csproj", "{6488EF8B-5B25-4A0F-96F9-15DC5166C43F}"
EndProject
Global
	GlobalSection(SolutionConfigurationPlatforms) = preSolution
		Debug|Any CPU = Debug|Any CPU
		Release|Any CPU = Release|Any CPU
	EndGlobalSection
	GlobalSection(ProjectConfigurationPlatforms) = postSolution
		{6488EF8B-5B25-4A0F-96F9-15DC5166C43F}.Debug|Any CPU.ActiveCfg = Debug|Any CPU
		{6488EF8B-5B25-4A0F-96F9-15DC5166C43F}.Debug|Any CPU.Build.0 = Debug|Any CPU
		{6488EF8B-5B25-4A0F-96F9-15DC5166C43F}.Release|Any CPU.ActiveCfg = Release|Any CPU
		{6488EF8B-5B25-4A0F-96F9-15DC5166C43F}.Release|Any CPU.Build.0 = Release|Any CPU
	EndGlobalSection
	GlobalSection(SolutionProperties) = preSolution
		HideSolutionNode = FALSE
	EndGlobalSection
	GlobalSection(ExtensibilityGlobals) = postSolution
		SolutionGuid = {A63C2629-832D-4C80-B3E6-E47660A6E39E}
	EndGlobalSection
EndGlobal
