
Microsoft Visual Studio Solution File, Format Version 12.00
# Visual Studio Version 17
VisualStudioVersion = 17.2.32616.157
MinimumVisualStudioVersion = 10.0.40219.1
Project("{FAE04EC0-301F-11D3-BF4B-00C04F79EFBC}") = "Kalkulator", "Kalkulator.csproj", "{4D5A40FA-0D12-4E4C-9433-24F89B32D393}"
EndProject
Global
	GlobalSection(SolutionConfigurationPlatforms) = preSolution
		Debug|Any CPU = Debug|Any CPU
		Release|Any CPU = Release|Any CPU
	EndGlobalSection
	GlobalSection(ProjectConfigurationPlatforms) = postSolution
		{4D5A40FA-0D12-4E4C-9433-24F89B32D393}.Debug|Any CPU.ActiveCfg = Debug|Any CPU
		{4D5A40FA-0D12-4E4C-9433-24F89B32D393}.Debug|Any CPU.Build.0 = Debug|Any CPU
		{4D5A40FA-0D12-4E4C-9433-24F89B32D393}.Release|Any CPU.ActiveCfg = Release|Any CPU
		{4D5A40FA-0D12-4E4C-9433-24F89B32D393}.Release|Any CPU.Build.0 = Release|Any CPU
	EndGlobalSection
	GlobalSection(SolutionProperties) = preSolution
		HideSolutionNode = FALSE
	EndGlobalSection
	GlobalSection(ExtensibilityGlobals) = postSolution
		SolutionGuid = {A97B6C05-DDC4-4EC4-9B45-B8119C90BA09}
	EndGlobalSection
EndGlobal
