
Microsoft Visual Studio Solution File, Format Version 12.00
# Visual Studio Version 17
VisualStudioVersion = 17.3.32714.290
MinimumVisualStudioVersion = 10.0.40219.1
Project("{FAE04EC0-301F-11D3-BF4B-00C04F79EFBC}") = "Generyzm2", "Generyzm2.csproj", "{23D35781-57D1-4951-9C96-051081B15BDE}"
EndProject
Global
	GlobalSection(SolutionConfigurationPlatforms) = preSolution
		Debug|Any CPU = Debug|Any CPU
		Release|Any CPU = Release|Any CPU
	EndGlobalSection
	GlobalSection(ProjectConfigurationPlatforms) = postSolution
		{23D35781-57D1-4951-9C96-051081B15BDE}.Debug|Any CPU.ActiveCfg = Debug|Any CPU
		{23D35781-57D1-4951-9C96-051081B15BDE}.Debug|Any CPU.Build.0 = Debug|Any CPU
		{23D35781-57D1-4951-9C96-051081B15BDE}.Release|Any CPU.ActiveCfg = Release|Any CPU
		{23D35781-57D1-4951-9C96-051081B15BDE}.Release|Any CPU.Build.0 = Release|Any CPU
	EndGlobalSection
	GlobalSection(SolutionProperties) = preSolution
		HideSolutionNode = FALSE
	EndGlobalSection
	GlobalSection(ExtensibilityGlobals) = postSolution
		SolutionGuid = {D06C4A68-370A-45F9-8A25-0A336FE434CF}
	EndGlobalSection
EndGlobal
