
Microsoft Visual Studio Solution File, Format Version 12.00
# Visual Studio Version 17
VisualStudioVersion = 17.3.32714.290
MinimumVisualStudioVersion = 10.0.40219.1
Project("{FAE04EC0-301F-11D3-BF4B-00C04F79EFBC}") = "Obiektowosc101", "Obiektowosc101.csproj", "{76FD3F01-F350-4861-955D-1FE3FDF25CA6}"
EndProject
Global
	GlobalSection(SolutionConfigurationPlatforms) = preSolution
		Debug|Any CPU = Debug|Any CPU
		Release|Any CPU = Release|Any CPU
	EndGlobalSection
	GlobalSection(ProjectConfigurationPlatforms) = postSolution
		{76FD3F01-F350-4861-955D-1FE3FDF25CA6}.Debug|Any CPU.ActiveCfg = Debug|Any CPU
		{76FD3F01-F350-4861-955D-1FE3FDF25CA6}.Debug|Any CPU.Build.0 = Debug|Any CPU
		{76FD3F01-F350-4861-955D-1FE3FDF25CA6}.Release|Any CPU.ActiveCfg = Release|Any CPU
		{76FD3F01-F350-4861-955D-1FE3FDF25CA6}.Release|Any CPU.Build.0 = Release|Any CPU
	EndGlobalSection
	GlobalSection(SolutionProperties) = preSolution
		HideSolutionNode = FALSE
	EndGlobalSection
	GlobalSection(ExtensibilityGlobals) = postSolution
		SolutionGuid = {EA86EAC9-6E61-41D3-A106-11D845D13226}
	EndGlobalSection
EndGlobal
