
Microsoft Visual Studio Solution File, Format Version 12.00
# Visual Studio Version 17
VisualStudioVersion = 17.3.32714.290
MinimumVisualStudioVersion = 10.0.40219.1
Project("{FAE04EC0-301F-11D3-BF4B-00C04F79EFBC}") = "Metody_Funkcje", "Metody_Funkcje.csproj", "{67C5F6A8-B148-4984-BA6A-75F87732B48C}"
EndProject
Global
	GlobalSection(SolutionConfigurationPlatforms) = preSolution
		Debug|Any CPU = Debug|Any CPU
		Release|Any CPU = Release|Any CPU
	EndGlobalSection
	GlobalSection(ProjectConfigurationPlatforms) = postSolution
		{67C5F6A8-B148-4984-BA6A-75F87732B48C}.Debug|Any CPU.ActiveCfg = Debug|Any CPU
		{67C5F6A8-B148-4984-BA6A-75F87732B48C}.Debug|Any CPU.Build.0 = Debug|Any CPU
		{67C5F6A8-B148-4984-BA6A-75F87732B48C}.Release|Any CPU.ActiveCfg = Release|Any CPU
		{67C5F6A8-B148-4984-BA6A-75F87732B48C}.Release|Any CPU.Build.0 = Release|Any CPU
	EndGlobalSection
	GlobalSection(SolutionProperties) = preSolution
		HideSolutionNode = FALSE
	EndGlobalSection
	GlobalSection(ExtensibilityGlobals) = postSolution
		SolutionGuid = {EFB48B57-ABEE-4640-8195-9EDA22283B03}
	EndGlobalSection
EndGlobal
