
Microsoft Visual Studio Solution File, Format Version 12.00
# Visual Studio Version 17
VisualStudioVersion = 17.3.32714.290
MinimumVisualStudioVersion = 10.0.40219.1
Project("{FAE04EC0-301F-11D3-BF4B-00C04F79EFBC}") = "Lekcja 1", "Lekcja 1.csproj", "{084E7F79-42BD-4EE4-8CD0-62650C6A0B39}"
EndProject
Global
	GlobalSection(SolutionConfigurationPlatforms) = preSolution
		Debug|Any CPU = Debug|Any CPU
		Release|Any CPU = Release|Any CPU
	EndGlobalSection
	GlobalSection(ProjectConfigurationPlatforms) = postSolution
		{084E7F79-42BD-4EE4-8CD0-62650C6A0B39}.Debug|Any CPU.ActiveCfg = Debug|Any CPU
		{084E7F79-42BD-4EE4-8CD0-62650C6A0B39}.Debug|Any CPU.Build.0 = Debug|Any CPU
		{084E7F79-42BD-4EE4-8CD0-62650C6A0B39}.Release|Any CPU.ActiveCfg = Release|Any CPU
		{084E7F79-42BD-4EE4-8CD0-62650C6A0B39}.Release|Any CPU.Build.0 = Release|Any CPU
	EndGlobalSection
	GlobalSection(SolutionProperties) = preSolution
		HideSolutionNode = FALSE
	EndGlobalSection
	GlobalSection(ExtensibilityGlobals) = postSolution
		SolutionGuid = {46093B62-1877-45AE-B5DE-E755B1C765AB}
	EndGlobalSection
EndGlobal
